
Microsoft Visual Studio Solution File, Format Version 12.00
# Visual Studio 15
VisualStudioVersion = 15.0.28010.2046
MinimumVisualStudioVersion = 10.0.40219.1
Project("{FAE04EC0-301F-11D3-BF4B-00C04F79EFBC}") = "VueDemo2", "VueDemo2\VueDemo2.csproj", "{5346D381-12F3-4FB2-A1CB-4F251745EFE3}"
EndProject
Global
	GlobalSection(SolutionConfigurationPlatforms) = preSolution
		Debug|Any CPU = Debug|Any CPU
		Release|Any CPU = Release|Any CPU
	EndGlobalSection
	GlobalSection(ProjectConfigurationPlatforms) = postSolution
		{5346D381-12F3-4FB2-A1CB-4F251745EFE3}.Debug|Any CPU.ActiveCfg = Debug|Any CPU
		{5346D381-12F3-4FB2-A1CB-4F251745EFE3}.Debug|Any CPU.Build.0 = Debug|Any CPU
		{5346D381-12F3-4FB2-A1CB-4F251745EFE3}.Release|Any CPU.ActiveCfg = Release|Any CPU
		{5346D381-12F3-4FB2-A1CB-4F251745EFE3}.Release|Any CPU.Build.0 = Release|Any CPU
	EndGlobalSection
	GlobalSection(SolutionProperties) = preSolution
		HideSolutionNode = FALSE
	EndGlobalSection
	GlobalSection(ExtensibilityGlobals) = postSolution
		SolutionGuid = {06BB1377-F0AB-4759-839B-89DEB0D923F1}
	EndGlobalSection
EndGlobal
